{
  "name": "openbadge",
  "version": "1.0.4",
  "lockfileVersion": 1,
  "requires": true,
  "dependencies": {
    "lodash": {
      "version": "4.17.15",
      "resolved": "https://registry.npmjs.org/lodash/-/lodash-4.17.15.tgz",
      "integrity": "sha512-8xOcRHvCjnocdS5cpwXQXVzmmh5e5+saE2QGoeQmbKmRS6J3VQppPOIt0MnmE+4xlZoumy0GPG0D0MVIQbNA1A=="
    },
    "opentype.js": {
      "version": "0.6.9",
      "resolved": "https://registry.npmjs.org/opentype.js/-/opentype.js-0.6.9.tgz",
      "integrity": "sha1-602yH/WKErLbeKZS16S/lgUlMIk=",
      "requires": {
        "tiny-inflate": "^1.0.2"
      }
    },
    "tiny-inflate": {
      "version": "1.0.2",
      "resolved": "https://registry.npmjs.org/tiny-inflate/-/tiny-inflate-1.0.2.tgz",
      "integrity": "sha1-k9nez/yIBb1X6uQxDwt0Xptvs6c="
    }
  }
}
